
Microsoft Visual Studio Solution File, Format Version 12.00
# Visual Studio Version 16
VisualStudioVersion = 16.0.30204.135
MinimumVisualStudioVersion = 10.0.40219.1
Project("{FAE04EC0-301F-11D3-BF4B-00C04F79EFBC}") = "ToDo-App", "ToDo-App.csproj", "{AFF741BC-1D47-4084-9E26-8357A71FA910}"
EndProject
Global
	GlobalSection(SolutionConfigurationPlatforms) = preSolution
		Debug|Any CPU = Debug|Any CPU
		Release|Any CPU = Release|Any CPU
	EndGlobalSection
	GlobalSection(ProjectConfigurationPlatforms) = postSolution
		{AFF741BC-1D47-4084-9E26-8357A71FA910}.Debug|Any CPU.ActiveCfg = Debug|Any CPU
		{AFF741BC-1D47-4084-9E26-8357A71FA910}.Debug|Any CPU.Build.0 = Debug|Any CPU
		{AFF741BC-1D47-4084-9E26-8357A71FA910}.Release|Any CPU.ActiveCfg = Release|Any CPU
		{AFF741BC-1D47-4084-9E26-8357A71FA910}.Release|Any CPU.Build.0 = Release|Any CPU
	EndGlobalSection
	GlobalSection(SolutionProperties) = preSolution
		HideSolutionNode = FALSE
	EndGlobalSection
	GlobalSection(ExtensibilityGlobals) = postSolution
		SolutionGuid = {A08B32D0-A508-4AE6-8D3C-16C8D95460E9}
	EndGlobalSection
EndGlobal
